
Microsoft Visual Studio Solution File, Format Version 12.00
# Visual Studio 14
VisualStudioVersion = 14.0.25123.0
MinimumVisualStudioVersion = 10.0.40219.1
Project("{FAE04EC0-301F-11D3-BF4B-00C04F79EFBC}") = "Hone.Droid", "Hone\Hone.Droid\Hone.Droid.csproj", "{78361AB9-C05F-4335-8FCA-68BF4B365BB5}"
EndProject
Project("{FAE04EC0-301F-11D3-BF4B-00C04F79EFBC}") = "Hone.iOS", "Hone\Hone.iOS\Hone.iOS.csproj", "{A3A6762A-23A3-43FC-9B14-A6177C99A99C}"
EndProject
Project("{FAE04EC0-301F-11D3-BF4B-00C04F79EFBC}") = "Hone.WinPhone", "Hone\Hone.WinPhone\Hone.WinPhone.csproj", "{1AFBD595-745B-43CC-9EC7-D9A4A18C57A1}"
EndProject
Project("{FAE04EC0-301F-11D3-BF4B-00C04F79EFBC}") = "Hone.UWP", "Hone\Hone.UWP\Hone.UWP.csproj", "{01010CA9-CDF4-475A-848E-05537FFEF44D}"
EndProject
Project("{FAE04EC0-301F-11D3-BF4B-00C04F79EFBC}") = "Hone.Windows", "Hone\Hone.Windows\Hone.Windows.csproj", "{2B526FB4-9CFB-4C71-AF3D-9C02AE887E7F}"
EndProject
Project("{FAE04EC0-301F-11D3-BF4B-00C04F79EFBC}") = "Hone", "Hone\Hone\Hone.csproj", "{B428D6DB-59F1-424E-9B2C-9D1693D2F5DB}"
EndProject
Global
	GlobalSection(SolutionConfigurationPlatforms) = preSolution
		Ad-Hoc|Any CPU = Ad-Hoc|Any CPU
		Ad-Hoc|ARM = Ad-Hoc|ARM
		Ad-Hoc|iPhone = Ad-Hoc|iPhone
		Ad-Hoc|iPhoneSimulator = Ad-Hoc|iPhoneSimulator
		Ad-Hoc|x64 = Ad-Hoc|x64
		Ad-Hoc|x86 = Ad-Hoc|x86
		AppStore|Any CPU = AppStore|Any CPU
		AppStore|ARM = AppStore|ARM
		AppStore|iPhone = AppStore|iPhone
		AppStore|iPhoneSimulator = AppStore|iPhoneSimulator
		AppStore|x64 = AppStore|x64
		AppStore|x86 = AppStore|x86
		Debug|Any CPU = Debug|Any CPU
		Debug|ARM = Debug|ARM
		Debug|iPhone = Debug|iPhone
		Debug|iPhoneSimulator = Debug|iPhoneSimulator
		Debug|x64 = Debug|x64
		Debug|x86 = Debug|x86
		Release|Any CPU = Release|Any CPU
		Release|ARM = Release|ARM
		Release|iPhone = Release|iPhone
		Release|iPhoneSimulator = Release|iPhoneSimulator
		Release|x64 = Release|x64
		Release|x86 = Release|x86
	EndGlobalSection
	GlobalSection(ProjectConfigurationPlatforms) = postSolution
		{78361AB9-C05F-4335-8FCA-68BF4B365BB5}.Ad-Hoc|Any CPU.ActiveCfg = Release|Any CPU
		{78361AB9-C05F-4335-8FCA-68BF4B365BB5}.Ad-Hoc|Any CPU.Build.0 = Release|Any CPU
		{78361AB9-C05F-4335-8FCA-68BF4B365BB5}.Ad-Hoc|Any CPU.Deploy.0 = Release|Any CPU
		{78361AB9-C05F-4335-8FCA-68BF4B365BB5}.Ad-Hoc|ARM.ActiveCfg = Release|Any CPU
		{78361AB9-C05F-4335-8FCA-68BF4B365BB5}.Ad-Hoc|ARM.Build.0 = Release|Any CPU
		{78361AB9-C05F-4335-8FCA-68BF4B365BB5}.Ad-Hoc|ARM.Deploy.0 = Release|Any CPU
		{78361AB9-C05F-4335-8FCA-68BF4B365BB5}.Ad-Hoc|iPhone.ActiveCfg = Release|Any CPU
		{78361AB9-C05F-4335-8FCA-68BF4B365BB5}.Ad-Hoc|iPhone.Build.0 = Release|Any CPU
		{78361AB9-C05F-4335-8FCA-68BF4B365BB5}.Ad-Hoc|iPhone.Deploy.0 = Release|Any CPU
		{78361AB9-C05F-4335-8FCA-68BF4B365BB5}.Ad-Hoc|iPhoneSimulator.ActiveCfg = Release|Any CPU
		{78361AB9-C05F-4335-8FCA-68BF4B365BB5}.Ad-Hoc|iPhoneSimulator.Build.0 = Release|Any CPU
		{78361AB9-C05F-4335-8FCA-68BF4B365BB5}.Ad-Hoc|iPhoneSimulator.Deploy.0 = Release|Any CPU
		{78361AB9-C05F-4335-8FCA-68BF4B365BB5}.Ad-Hoc|x64.ActiveCfg = Release|Any CPU
		{78361AB9-C05F-4335-8FCA-68BF4B365BB5}.Ad-Hoc|x64.Build.0 = Release|Any CPU
		{78361AB9-C05F-4335-8FCA-68BF4B365BB5}.Ad-Hoc|x64.Deploy.0 = Release|Any CPU
		{78361AB9-C05F-4335-8FCA-68BF4B365BB5}.Ad-Hoc|x86.ActiveCfg = Release|Any CPU
		{78361AB9-C05F-4335-8FCA-68BF4B365BB5}.Ad-Hoc|x86.Build.0 = Release|Any CPU
		{78361AB9-C05F-4335-8FCA-68BF4B365BB5}.Ad-Hoc|x86.Deploy.0 = Release|Any CPU
		{78361AB9-C05F-4335-8FCA-68BF4B365BB5}.AppStore|Any CPU.ActiveCfg = Release|Any CPU
		{78361AB9-C05F-4335-8FCA-68BF4B365BB5}.AppStore|Any CPU.Build.0 = Release|Any CPU
		{78361AB9-C05F-4335-8FCA-68BF4B365BB5}.AppStore|Any CPU.Deploy.0 = Release|Any CPU
		{78361AB9-C05F-4335-8FCA-68BF4B365BB5}.AppStore|ARM.ActiveCfg = Release|Any CPU
		{78361AB9-C05F-4335-8FCA-68BF4B365BB5}.AppStore|ARM.Build.0 = Release|Any CPU
		{78361AB9-C05F-4335-8FCA-68BF4B365BB5}.AppStore|ARM.Deploy.0 = Release|Any CPU
		{78361AB9-C05F-4335-8FCA-68BF4B365BB5}.AppStore|iPhone.ActiveCfg = Release|Any CPU
		{78361AB9-C05F-4335-8FCA-68BF4B365BB5}.AppStore|iPhone.Build.0 = Release|Any CPU
		{78361AB9-C05F-4335-8FCA-68BF4B365BB5}.AppStore|iPhone.Deploy.0 = Release|Any CPU
		{78361AB9-C05F-4335-8FCA-68BF4B365BB5}.AppStore|iPhoneSimulator.ActiveCfg = Release|Any CPU
		{78361AB9-C05F-4335-8FCA-68BF4B365BB5}.AppStore|iPhoneSimulator.Build.0 = Release|Any CPU
		{78361AB9-C05F-4335-8FCA-68BF4B365BB5}.AppStore|iPhoneSimulator.Deploy.0 = Release|Any CPU
		{78361AB9-C05F-4335-8FCA-68BF4B365BB5}.AppStore|x64.ActiveCfg = Release|Any CPU
		{78361AB9-C05F-4335-8FCA-68BF4B365BB5}.AppStore|x64.Build.0 = Release|Any CPU
		{78361AB9-C05F-4335-8FCA-68BF4B365BB5}.AppStore|x64.Deploy.0 = Release|Any CPU
		{78361AB9-C05F-4335-8FCA-68BF4B365BB5}.AppStore|x86.ActiveCfg = Release|Any CPU
		{78361AB9-C05F-4335-8FCA-68BF4B365BB5}.AppStore|x86.Build.0 = Release|Any CPU
		{78361AB9-C05F-4335-8FCA-68BF4B365BB5}.AppStore|x86.Deploy.0 = Release|Any CPU
		{78361AB9-C05F-4335-8FCA-68BF4B365BB5}.Debug|Any CPU.ActiveCfg = Debug|Any CPU
		{78361AB9-C05F-4335-8FCA-68BF4B365BB5}.Debug|Any CPU.Build.0 = Debug|Any CPU
		{78361AB9-C05F-4335-8FCA-68BF4B365BB5}.Debug|Any CPU.Deploy.0 = Debug|Any CPU
		{78361AB9-C05F-4335-8FCA-68BF4B365BB5}.Debug|ARM.ActiveCfg = Debug|Any CPU
		{78361AB9-C05F-4335-8FCA-68BF4B365BB5}.Debug|ARM.Build.0 = Debug|Any CPU
		{78361AB9-C05F-4335-8FCA-68BF4B365BB5}.Debug|ARM.Deploy.0 = Debug|Any CPU
		{78361AB9-C05F-4335-8FCA-68BF4B365BB5}.Debug|iPhone.ActiveCfg = Debug|Any CPU
		{78361AB9-C05F-4335-8FCA-68BF4B365BB5}.Debug|iPhone.Build.0 = Debug|Any CPU
		{78361AB9-C05F-4335-8FCA-68BF4B365BB5}.Debug|iPhone.Deploy.0 = Debug|Any CPU
		{78361AB9-C05F-4335-8FCA-68BF4B365BB5}.Debug|iPhoneSimulator.ActiveCfg = Debug|Any CPU
		{78361AB9-C05F-4335-8FCA-68BF4B365BB5}.Debug|iPhoneSimulator.Build.0 = Debug|Any CPU
		{78361AB9-C05F-4335-8FCA-68BF4B365BB5}.Debug|iPhoneSimulator.Deploy.0 = Debug|Any CPU
		{78361AB9-C05F-4335-8FCA-68BF4B365BB5}.Debug|x64.ActiveCfg = Debug|Any CPU
		{78361AB9-C05F-4335-8FCA-68BF4B365BB5}.Debug|x64.Build.0 = Debug|Any CPU
		{78361AB9-C05F-4335-8FCA-68BF4B365BB5}.Debug|x64.Deploy.0 = Debug|Any CPU
		{78361AB9-C05F-4335-8FCA-68BF4B365BB5}.Debug|x86.ActiveCfg = Debug|Any CPU
		{78361AB9-C05F-4335-8FCA-68BF4B365BB5}.Debug|x86.Build.0 = Debug|Any CPU
		{78361AB9-C05F-4335-8FCA-68BF4B365BB5}.Debug|x86.Deploy.0 = Debug|Any CPU
		{78361AB9-C05F-4335-8FCA-68BF4B365BB5}.Release|Any CPU.ActiveCfg = Release|Any CPU
		{78361AB9-C05F-4335-8FCA-68BF4B365BB5}.Release|Any CPU.Build.0 = Release|Any CPU
		{78361AB9-C05F-4335-8FCA-68BF4B365BB5}.Release|Any CPU.Deploy.0 = Release|Any CPU
		{78361AB9-C05F-4335-8FCA-68BF4B365BB5}.Release|ARM.ActiveCfg = Release|Any CPU
		{78361AB9-C05F-4335-8FCA-68BF4B365BB5}.Release|ARM.Build.0 = Release|Any CPU
		{78361AB9-C05F-4335-8FCA-68BF4B365BB5}.Release|ARM.Deploy.0 = Release|Any CPU
		{78361AB9-C05F-4335-8FCA-68BF4B365BB5}.Release|iPhone.ActiveCfg = Release|Any CPU
		{78361AB9-C05F-4335-8FCA-68BF4B365BB5}.Release|iPhone.Build.0 = Release|Any CPU
		{78361AB9-C05F-4335-8FCA-68BF4B365BB5}.Release|iPhone.Deploy.0 = Release|Any CPU
		{78361AB9-C05F-4335-8FCA-68BF4B365BB5}.Release|iPhoneSimulator.ActiveCfg = Release|Any CPU
		{78361AB9-C05F-4335-8FCA-68BF4B365BB5}.Release|iPhoneSimulator.Build.0 = Release|Any CPU
		{78361AB9-C05F-4335-8FCA-68BF4B365BB5}.Release|iPhoneSimulator.Deploy.0 = Release|Any CPU
		{78361AB9-C05F-4335-8FCA-68BF4B365BB5}.Release|x64.ActiveCfg = Release|Any CPU
		{78361AB9-C05F-4335-8FCA-68BF4B365BB5}.Release|x64.Build.0 = Release|Any CPU
		{78361AB9-C05F-4335-8FCA-68BF4B365BB5}.Release|x64.Deploy.0 = Release|Any CPU
		{78361AB9-C05F-4335-8FCA-68BF4B365BB5}.Release|x86.ActiveCfg = Release|Any CPU
		{78361AB9-C05F-4335-8FCA-68BF4B365BB5}.Release|x86.Build.0 = Release|Any CPU
		{78361AB9-C05F-4335-8FCA-68BF4B365BB5}.Release|x86.Deploy.0 = Release|Any CPU
		{A3A6762A-23A3-43FC-9B14-A6177C99A99C}.Ad-Hoc|Any CPU.ActiveCfg = Ad-Hoc|iPhone
		{A3A6762A-23A3-43FC-9B14-A6177C99A99C}.Ad-Hoc|ARM.ActiveCfg = Ad-Hoc|iPhone
		{A3A6762A-23A3-43FC-9B14-A6177C99A99C}.Ad-Hoc|iPhone.ActiveCfg = Ad-Hoc|iPhone
		{A3A6762A-23A3-43FC-9B14-A6177C99A99C}.Ad-Hoc|iPhone.Build.0 = Ad-Hoc|iPhone
		{A3A6762A-23A3-43FC-9B14-A6177C99A99C}.Ad-Hoc|iPhoneSimulator.ActiveCfg = Ad-Hoc|iPhoneSimulator
		{A3A6762A-23A3-43FC-9B14-A6177C99A99C}.Ad-Hoc|iPhoneSimulator.Build.0 = Ad-Hoc|iPhoneSimulator
		{A3A6762A-23A3-43FC-9B14-A6177C99A99C}.Ad-Hoc|x64.ActiveCfg = Ad-Hoc|iPhone
		{A3A6762A-23A3-43FC-9B14-A6177C99A99C}.Ad-Hoc|x86.ActiveCfg = Ad-Hoc|iPhone
		{A3A6762A-23A3-43FC-9B14-A6177C99A99C}.AppStore|Any CPU.ActiveCfg = AppStore|iPhone
		{A3A6762A-23A3-43FC-9B14-A6177C99A99C}.AppStore|ARM.ActiveCfg = AppStore|iPhone
		{A3A6762A-23A3-43FC-9B14-A6177C99A99C}.AppStore|iPhone.ActiveCfg = AppStore|iPhone
		{A3A6762A-23A3-43FC-9B14-A6177C99A99C}.AppStore|iPhone.Build.0 = AppStore|iPhone
		{A3A6762A-23A3-43FC-9B14-A6177C99A99C}.AppStore|iPhoneSimulator.ActiveCfg = AppStore|iPhoneSimulator
		{A3A6762A-23A3-43FC-9B14-A6177C99A99C}.AppStore|iPhoneSimulator.Build.0 = AppStore|iPhoneSimulator
		{A3A6762A-23A3-43FC-9B14-A6177C99A99C}.AppStore|x64.ActiveCfg = AppStore|iPhone
		{A3A6762A-23A3-43FC-9B14-A6177C99A99C}.AppStore|x86.ActiveCfg = AppStore|iPhone
		{A3A6762A-23A3-43FC-9B14-A6177C99A99C}.Debug|Any CPU.ActiveCfg = Debug|iPhone
		{A3A6762A-23A3-43FC-9B14-A6177C99A99C}.Debug|ARM.ActiveCfg = Debug|iPhone
		{A3A6762A-23A3-43FC-9B14-A6177C99A99C}.Debug|iPhone.ActiveCfg = Debug|iPhone
		{A3A6762A-23A3-43FC-9B14-A6177C99A99C}.Debug|iPhone.Build.0 = Debug|iPhone
		{A3A6762A-23A3-43FC-9B14-A6177C99A99C}.Debug|iPhoneSimulator.ActiveCfg = Debug|iPhoneSimulator
		{A3A6762A-23A3-43FC-9B14-A6177C99A99C}.Debug|iPhoneSimulator.Build.0 = Debug|iPhoneSimulator
		{A3A6762A-23A3-43FC-9B14-A6177C99A99C}.Debug|x64.ActiveCfg = Debug|iPhone
		{A3A6762A-23A3-43FC-9B14-A6177C99A99C}.Debug|x86.ActiveCfg = Debug|iPhone
		{A3A6762A-23A3-43FC-9B14-A6177C99A99C}.Release|Any CPU.ActiveCfg = Release|iPhone
		{A3A6762A-23A3-43FC-9B14-A6177C99A99C}.Release|ARM.ActiveCfg = Release|iPhone
		{A3A6762A-23A3-43FC-9B14-A6177C99A99C}.Release|iPhone.ActiveCfg = Release|iPhone
		{A3A6762A-23A3-43FC-9B14-A6177C99A99C}.Release|iPhone.Build.0 = Release|iPhone
		{A3A6762A-23A3-43FC-9B14-A6177C99A99C}.Release|iPhoneSimulator.ActiveCfg = Release|iPhoneSimulator
		{A3A6762A-23A3-43FC-9B14-A6177C99A99C}.Release|iPhoneSimulator.Build.0 = Release|iPhoneSimulator
		{A3A6762A-23A3-43FC-9B14-A6177C99A99C}.Release|x64.ActiveCfg = Release|iPhone
		{A3A6762A-23A3-43FC-9B14-A6177C99A99C}.Release|x86.ActiveCfg = Release|iPhone
		{1AFBD595-745B-43CC-9EC7-D9A4A18C57A1}.Ad-Hoc|Any CPU.ActiveCfg = Release|Any CPU
		{1AFBD595-745B-43CC-9EC7-D9A4A18C57A1}.Ad-Hoc|Any CPU.Build.0 = Release|Any CPU
		{1AFBD595-745B-43CC-9EC7-D9A4A18C57A1}.Ad-Hoc|Any CPU.Deploy.0 = Release|Any CPU
		{1AFBD595-745B-43CC-9EC7-D9A4A18C57A1}.Ad-Hoc|ARM.ActiveCfg = Release|ARM
		{1AFBD595-745B-43CC-9EC7-D9A4A18C57A1}.Ad-Hoc|ARM.Build.0 = Release|ARM
		{1AFBD595-745B-43CC-9EC7-D9A4A18C57A1}.Ad-Hoc|ARM.Deploy.0 = Release|ARM
		{1AFBD595-745B-43CC-9EC7-D9A4A18C57A1}.Ad-Hoc|iPhone.ActiveCfg = Release|Any CPU
		{1AFBD595-745B-43CC-9EC7-D9A4A18C57A1}.Ad-Hoc|iPhone.Build.0 = Release|Any CPU
		{1AFBD595-745B-43CC-9EC7-D9A4A18C57A1}.Ad-Hoc|iPhone.Deploy.0 = Release|Any CPU
		{1AFBD595-745B-43CC-9EC7-D9A4A18C57A1}.Ad-Hoc|iPhoneSimulator.ActiveCfg = Release|Any CPU
		{1AFBD595-745B-43CC-9EC7-D9A4A18C57A1}.Ad-Hoc|iPhoneSimulator.Build.0 = Release|Any CPU
		{1AFBD595-745B-43CC-9EC7-D9A4A18C57A1}.Ad-Hoc|iPhoneSimulator.Deploy.0 = Release|Any CPU
		{1AFBD595-745B-43CC-9EC7-D9A4A18C57A1}.Ad-Hoc|x64.ActiveCfg = Release|Any CPU
		{1AFBD595-745B-43CC-9EC7-D9A4A18C57A1}.Ad-Hoc|x64.Build.0 = Release|Any CPU
		{1AFBD595-745B-43CC-9EC7-D9A4A18C57A1}.Ad-Hoc|x64.Deploy.0 = Release|Any CPU
		{1AFBD595-745B-43CC-9EC7-D9A4A18C57A1}.Ad-Hoc|x86.ActiveCfg = Release|x86
		{1AFBD595-745B-43CC-9EC7-D9A4A18C57A1}.Ad-Hoc|x86.Build.0 = Release|x86
		{1AFBD595-745B-43CC-9EC7-D9A4A18C57A1}.Ad-Hoc|x86.Deploy.0 = Release|x86
		{1AFBD595-745B-43CC-9EC7-D9A4A18C57A1}.AppStore|Any CPU.ActiveCfg = Release|Any CPU
		{1AFBD595-745B-43CC-9EC7-D9A4A18C57A1}.AppStore|Any CPU.Build.0 = Release|Any CPU
		{1AFBD595-745B-43CC-9EC7-D9A4A18C57A1}.AppStore|Any CPU.Deploy.0 = Release|Any CPU
		{1AFBD595-745B-43CC-9EC7-D9A4A18C57A1}.AppStore|ARM.ActiveCfg = Release|ARM
		{1AFBD595-745B-43CC-9EC7-D9A4A18C57A1}.AppStore|ARM.Build.0 = Release|ARM
		{1AFBD595-745B-43CC-9EC7-D9A4A18C57A1}.AppStore|ARM.Deploy.0 = Release|ARM
		{1AFBD595-745B-43CC-9EC7-D9A4A18C57A1}.AppStore|iPhone.ActiveCfg = Release|Any CPU
		{1AFBD595-745B-43CC-9EC7-D9A4A18C57A1}.AppStore|iPhone.Build.0 = Release|Any CPU
		{1AFBD595-745B-43CC-9EC7-D9A4A18C57A1}.AppStore|iPhone.Deploy.0 = Release|Any CPU
		{1AFBD595-745B-43CC-9EC7-D9A4A18C57A1}.AppStore|iPhoneSimulator.ActiveCfg = Release|Any CPU
		{1AFBD595-745B-43CC-9EC7-D9A4A18C57A1}.AppStore|iPhoneSimulator.Build.0 = Release|Any CPU
		{1AFBD595-745B-43CC-9EC7-D9A4A18C57A1}.AppStore|iPhoneSimulator.Deploy.0 = Release|Any CPU
		{1AFBD595-745B-43CC-9EC7-D9A4A18C57A1}.AppStore|x64.ActiveCfg = Release|Any CPU
		{1AFBD595-745B-43CC-9EC7-D9A4A18C57A1}.AppStore|x64.Build.0 = Release|Any CPU
		{1AFBD595-745B-43CC-9EC7-D9A4A18C57A1}.AppStore|x64.Deploy.0 = Release|Any CPU
		{1AFBD595-745B-43CC-9EC7-D9A4A18C57A1}.AppStore|x86.ActiveCfg = Release|x86
		{1AFBD595-745B-43CC-9EC7-D9A4A18C57A1}.AppStore|x86.Build.0 = Release|x86
		{1AFBD595-745B-43CC-9EC7-D9A4A18C57A1}.AppStore|x86.Deploy.0 = Release|x86
		{1AFBD595-745B-43CC-9EC7-D9A4A18C57A1}.Debug|Any CPU.ActiveCfg = Debug|Any CPU
		{1AFBD595-745B-43CC-9EC7-D9A4A18C57A1}.Debug|Any CPU.Build.0 = Debug|Any CPU
		{1AFBD595-745B-43CC-9EC7-D9A4A18C57A1}.Debug|Any CPU.Deploy.0 = Debug|Any CPU
		{1AFBD595-745B-43CC-9EC7-D9A4A18C57A1}.Debug|ARM.ActiveCfg = Debug|ARM
		{1AFBD595-745B-43CC-9EC7-D9A4A18C57A1}.Debug|ARM.Build.0 = Debug|ARM
		{1AFBD595-745B-43CC-9EC7-D9A4A18C57A1}.Debug|ARM.Deploy.0 = Debug|ARM
		{1AFBD595-745B-43CC-9EC7-D9A4A18C57A1}.Debug|iPhone.ActiveCfg = Debug|Any CPU
		{1AFBD595-745B-43CC-9EC7-D9A4A18C57A1}.Debug|iPhone.Build.0 = Debug|Any CPU
		{1AFBD595-745B-43CC-9EC7-D9A4A18C57A1}.Debug|iPhone.Deploy.0 = Debug|Any CPU
		{1AFBD595-745B-43CC-9EC7-D9A4A18C57A1}.Debug|iPhoneSimulator.ActiveCfg = Debug|Any CPU
		{1AFBD595-745B-43CC-9EC7-D9A4A18C57A1}.Debug|iPhoneSimulator.Build.0 = Debug|Any CPU
		{1AFBD595-745B-43CC-9EC7-D9A4A18C57A1}.Debug|iPhoneSimulator.Deploy.0 = Debug|Any CPU
		{1AFBD595-745B-43CC-9EC7-D9A4A18C57A1}.Debug|x64.ActiveCfg = Debug|Any CPU
		{1AFBD595-745B-43CC-9EC7-D9A4A18C57A1}.Debug|x64.Build.0 = Debug|Any CPU
		{1AFBD595-745B-43CC-9EC7-D9A4A18C57A1}.Debug|x64.Deploy.0 = Debug|Any CPU
		{1AFBD595-745B-43CC-9EC7-D9A4A18C57A1}.Debug|x86.ActiveCfg = Debug|x86
		{1AFBD595-745B-43CC-9EC7-D9A4A18C57A1}.Debug|x86.Build.0 = Debug|x86
		{1AFBD595-745B-43CC-9EC7-D9A4A18C57A1}.Debug|x86.Deploy.0 = Debug|x86
		{1AFBD595-745B-43CC-9EC7-D9A4A18C57A1}.Release|Any CPU.ActiveCfg = Release|Any CPU
		{1AFBD595-745B-43CC-9EC7-D9A4A18C57A1}.Release|Any CPU.Build.0 = Release|Any CPU
		{1AFBD595-745B-43CC-9EC7-D9A4A18C57A1}.Release|Any CPU.Deploy.0 = Release|Any CPU
		{1AFBD595-745B-43CC-9EC7-D9A4A18C57A1}.Release|ARM.ActiveCfg = Release|ARM
		{1AFBD595-745B-43CC-9EC7-D9A4A18C57A1}.Release|ARM.Build.0 = Release|ARM
		{1AFBD595-745B-43CC-9EC7-D9A4A18C57A1}.Release|ARM.Deploy.0 = Release|ARM
		{1AFBD595-745B-43CC-9EC7-D9A4A18C57A1}.Release|iPhone.ActiveCfg = Release|Any CPU
		{1AFBD595-745B-43CC-9EC7-D9A4A18C57A1}.Release|iPhone.Build.0 = Release|Any CPU
		{1AFBD595-745B-43CC-9EC7-D9A4A18C57A1}.Release|iPhone.Deploy.0 = Release|Any CPU
		{1AFBD595-745B-43CC-9EC7-D9A4A18C57A1}.Release|iPhoneSimulator.ActiveCfg = Release|Any CPU
		{1AFBD595-745B-43CC-9EC7-D9A4A18C57A1}.Release|iPhoneSimulator.Build.0 = Release|Any CPU
		{1AFBD595-745B-43CC-9EC7-D9A4A18C57A1}.Release|iPhoneSimulator.Deploy.0 = Release|Any CPU
		{1AFBD595-745B-43CC-9EC7-D9A4A18C57A1}.Release|x64.ActiveCfg = Release|Any CPU
		{1AFBD595-745B-43CC-9EC7-D9A4A18C57A1}.Release|x64.Build.0 = Release|Any CPU
		{1AFBD595-745B-43CC-9EC7-D9A4A18C57A1}.Release|x64.Deploy.0 = Release|Any CPU
		{1AFBD595-745B-43CC-9EC7-D9A4A18C57A1}.Release|x86.ActiveCfg = Release|x86
		{1AFBD595-745B-43CC-9EC7-D9A4A18C57A1}.Release|x86.Build.0 = Release|x86
		{1AFBD595-745B-43CC-9EC7-D9A4A18C57A1}.Release|x86.Deploy.0 = Release|x86
		{01010CA9-CDF4-475A-848E-05537FFEF44D}.Ad-Hoc|Any CPU.ActiveCfg = Release|x86
		{01010CA9-CDF4-475A-848E-05537FFEF44D}.Ad-Hoc|Any CPU.Build.0 = Release|x86
		{01010CA9-CDF4-475A-848E-05537FFEF44D}.Ad-Hoc|Any CPU.Deploy.0 = Release|x86
		{01010CA9-CDF4-475A-848E-05537FFEF44D}.Ad-Hoc|ARM.ActiveCfg = Release|ARM
		{01010CA9-CDF4-475A-848E-05537FFEF44D}.Ad-Hoc|ARM.Build.0 = Release|ARM
		{01010CA9-CDF4-475A-848E-05537FFEF44D}.Ad-Hoc|ARM.Deploy.0 = Release|ARM
		{01010CA9-CDF4-475A-848E-05537FFEF44D}.Ad-Hoc|iPhone.ActiveCfg = Release|x86
		{01010CA9-CDF4-475A-848E-05537FFEF44D}.Ad-Hoc|iPhone.Build.0 = Release|x86
		{01010CA9-CDF4-475A-848E-05537FFEF44D}.Ad-Hoc|iPhone.Deploy.0 = Release|x86
		{01010CA9-CDF4-475A-848E-05537FFEF44D}.Ad-Hoc|iPhoneSimulator.ActiveCfg = Release|x86
		{01010CA9-CDF4-475A-848E-05537FFEF44D}.Ad-Hoc|iPhoneSimulator.Build.0 = Release|x86
		{01010CA9-CDF4-475A-848E-05537FFEF44D}.Ad-Hoc|iPhoneSimulator.Deploy.0 = Release|x86
		{01010CA9-CDF4-475A-848E-05537FFEF44D}.Ad-Hoc|x64.ActiveCfg = Release|x64
		{01010CA9-CDF4-475A-848E-05537FFEF44D}.Ad-Hoc|x64.Build.0 = Release|x64
		{01010CA9-CDF4-475A-848E-05537FFEF44D}.Ad-Hoc|x64.Deploy.0 = Release|x64
		{01010CA9-CDF4-475A-848E-05537FFEF44D}.Ad-Hoc|x86.ActiveCfg = Release|x86
		{01010CA9-CDF4-475A-848E-05537FFEF44D}.Ad-Hoc|x86.Build.0 = Release|x86
		{01010CA9-CDF4-475A-848E-05537FFEF44D}.Ad-Hoc|x86.Deploy.0 = Release|x86
		{01010CA9-CDF4-475A-848E-05537FFEF44D}.AppStore|Any CPU.ActiveCfg = Release|x86
		{01010CA9-CDF4-475A-848E-05537FFEF44D}.AppStore|Any CPU.Build.0 = Release|x86
		{01010CA9-CDF4-475A-848E-05537FFEF44D}.AppStore|Any CPU.Deploy.0 = Release|x86
		{01010CA9-CDF4-475A-848E-05537FFEF44D}.AppStore|ARM.ActiveCfg = Release|ARM
		{01010CA9-CDF4-475A-848E-05537FFEF44D}.AppStore|ARM.Build.0 = Release|ARM
		{01010CA9-CDF4-475A-848E-05537FFEF44D}.AppStore|ARM.Deploy.0 = Release|ARM
		{01010CA9-CDF4-475A-848E-05537FFEF44D}.AppStore|iPhone.ActiveCfg = Release|x86
		{01010CA9-CDF4-475A-848E-05537FFEF44D}.AppStore|iPhone.Build.0 = Release|x86
		{01010CA9-CDF4-475A-848E-05537FFEF44D}.AppStore|iPhone.Deploy.0 = Release|x86
		{01010CA9-CDF4-475A-848E-05537FFEF44D}.AppStore|iPhoneSimulator.ActiveCfg = Release|x86
		{01010CA9-CDF4-475A-848E-05537FFEF44D}.AppStore|iPhoneSimulator.Build.0 = Release|x86
		{01010CA9-CDF4-475A-848E-05537FFEF44D}.AppStore|iPhoneSimulator.Deploy.0 = Release|x86
		{01010CA9-CDF4-475A-848E-05537FFEF44D}.AppStore|x64.ActiveCfg = Release|x64
		{01010CA9-CDF4-475A-848E-05537FFEF44D}.AppStore|x64.Build.0 = Release|x64
		{01010CA9-CDF4-475A-848E-05537FFEF44D}.AppStore|x64.Deploy.0 = Release|x64
		{01010CA9-CDF4-475A-848E-05537FFEF44D}.AppStore|x86.ActiveCfg = Release|x86
		{01010CA9-CDF4-475A-848E-05537FFEF44D}.AppStore|x86.Build.0 = Release|x86
		{01010CA9-CDF4-475A-848E-05537FFEF44D}.AppStore|x86.Deploy.0 = Release|x86
		{01010CA9-CDF4-475A-848E-05537FFEF44D}.Debug|Any CPU.ActiveCfg = Debug|x86
		{01010CA9-CDF4-475A-848E-05537FFEF44D}.Debug|ARM.ActiveCfg = Debug|ARM
		{01010CA9-CDF4-475A-848E-05537FFEF44D}.Debug|ARM.Build.0 = Debug|ARM
		{01010CA9-CDF4-475A-848E-05537FFEF44D}.Debug|ARM.Deploy.0 = Debug|ARM
		{01010CA9-CDF4-475A-848E-05537FFEF44D}.Debug|iPhone.ActiveCfg = Debug|x86
		{01010CA9-CDF4-475A-848E-05537FFEF44D}.Debug|iPhoneSimulator.ActiveCfg = Debug|x86
		{01010CA9-CDF4-475A-848E-05537FFEF44D}.Debug|x64.ActiveCfg = Debug|x64
		{01010CA9-CDF4-475A-848E-05537FFEF44D}.Debug|x64.Build.0 = Debug|x64
		{01010CA9-CDF4-475A-848E-05537FFEF44D}.Debug|x64.Deploy.0 = Debug|x64
		{01010CA9-CDF4-475A-848E-05537FFEF44D}.Debug|x86.ActiveCfg = Debug|x86
		{01010CA9-CDF4-475A-848E-05537FFEF44D}.Debug|x86.Build.0 = Debug|x86
		{01010CA9-CDF4-475A-848E-05537FFEF44D}.Debug|x86.Deploy.0 = Debug|x86
		{01010CA9-CDF4-475A-848E-05537FFEF44D}.Release|Any CPU.ActiveCfg = Release|x86
		{01010CA9-CDF4-475A-848E-05537FFEF44D}.Release|ARM.ActiveCfg = Release|ARM
		{01010CA9-CDF4-475A-848E-05537FFEF44D}.Release|ARM.Build.0 = Release|ARM
		{01010CA9-CDF4-475A-848E-05537FFEF44D}.Release|ARM.Deploy.0 = Release|ARM
		{01010CA9-CDF4-475A-848E-05537FFEF44D}.Release|iPhone.ActiveCfg = Release|x86
		{01010CA9-CDF4-475A-848E-05537FFEF44D}.Release|iPhoneSimulator.ActiveCfg = Release|x86
		{01010CA9-CDF4-475A-848E-05537FFEF44D}.Release|x64.ActiveCfg = Release|x64
		{01010CA9-CDF4-475A-848E-05537FFEF44D}.Release|x64.Build.0 = Release|x64
		{01010CA9-CDF4-475A-848E-05537FFEF44D}.Release|x64.Deploy.0 = Release|x64
		{01010CA9-CDF4-475A-848E-05537FFEF44D}.Release|x86.ActiveCfg = Release|x86
		{01010CA9-CDF4-475A-848E-05537FFEF44D}.Release|x86.Build.0 = Release|x86
		{01010CA9-CDF4-475A-848E-05537FFEF44D}.Release|x86.Deploy.0 = Release|x86
		{2B526FB4-9CFB-4C71-AF3D-9C02AE887E7F}.Ad-Hoc|Any CPU.ActiveCfg = Release|Any CPU
		{2B526FB4-9CFB-4C71-AF3D-9C02AE887E7F}.Ad-Hoc|Any CPU.Build.0 = Release|Any CPU
		{2B526FB4-9CFB-4C71-AF3D-9C02AE887E7F}.Ad-Hoc|Any CPU.Deploy.0 = Release|Any CPU
		{2B526FB4-9CFB-4C71-AF3D-9C02AE887E7F}.Ad-Hoc|ARM.ActiveCfg = Release|ARM
		{2B526FB4-9CFB-4C71-AF3D-9C02AE887E7F}.Ad-Hoc|ARM.Build.0 = Release|ARM
		{2B526FB4-9CFB-4C71-AF3D-9C02AE887E7F}.Ad-Hoc|ARM.Deploy.0 = Release|ARM
		{2B526FB4-9CFB-4C71-AF3D-9C02AE887E7F}.Ad-Hoc|iPhone.ActiveCfg = Release|Any CPU
		{2B526FB4-9CFB-4C71-AF3D-9C02AE887E7F}.Ad-Hoc|iPhone.Build.0 = Release|Any CPU
		{2B526FB4-9CFB-4C71-AF3D-9C02AE887E7F}.Ad-Hoc|iPhone.Deploy.0 = Release|Any CPU
		{2B526FB4-9CFB-4C71-AF3D-9C02AE887E7F}.Ad-Hoc|iPhoneSimulator.ActiveCfg = Release|Any CPU
		{2B526FB4-9CFB-4C71-AF3D-9C02AE887E7F}.Ad-Hoc|iPhoneSimulator.Build.0 = Release|Any CPU
		{2B526FB4-9CFB-4C71-AF3D-9C02AE887E7F}.Ad-Hoc|iPhoneSimulator.Deploy.0 = Release|Any CPU
		{2B526FB4-9CFB-4C71-AF3D-9C02AE887E7F}.Ad-Hoc|x64.ActiveCfg = Release|x64
		{2B526FB4-9CFB-4C71-AF3D-9C02AE887E7F}.Ad-Hoc|x64.Build.0 = Release|x64
		{2B526FB4-9CFB-4C71-AF3D-9C02AE887E7F}.Ad-Hoc|x64.Deploy.0 = Release|x64
		{2B526FB4-9CFB-4C71-AF3D-9C02AE887E7F}.Ad-Hoc|x86.ActiveCfg = Release|x86
		{2B526FB4-9CFB-4C71-AF3D-9C02AE887E7F}.Ad-Hoc|x86.Build.0 = Release|x86
		{2B526FB4-9CFB-4C71-AF3D-9C02AE887E7F}.Ad-Hoc|x86.Deploy.0 = Release|x86
		{2B526FB4-9CFB-4C71-AF3D-9C02AE887E7F}.AppStore|Any CPU.ActiveCfg = Release|Any CPU
		{2B526FB4-9CFB-4C71-AF3D-9C02AE887E7F}.AppStore|Any CPU.Build.0 = Release|Any CPU
		{2B526FB4-9CFB-4C71-AF3D-9C02AE887E7F}.AppStore|Any CPU.Deploy.0 = Release|Any CPU
		{2B526FB4-9CFB-4C71-AF3D-9C02AE887E7F}.AppStore|ARM.ActiveCfg = Release|ARM
		{2B526FB4-9CFB-4C71-AF3D-9C02AE887E7F}.AppStore|ARM.Build.0 = Release|ARM
		{2B526FB4-9CFB-4C71-AF3D-9C02AE887E7F}.AppStore|ARM.Deploy.0 = Release|ARM
		{2B526FB4-9CFB-4C71-AF3D-9C02AE887E7F}.AppStore|iPhone.ActiveCfg = Release|Any CPU
		{2B526FB4-9CFB-4C71-AF3D-9C02AE887E7F}.AppStore|iPhone.Build.0 = Release|Any CPU
		{2B526FB4-9CFB-4C71-AF3D-9C02AE887E7F}.AppStore|iPhone.Deploy.0 = Release|Any CPU
		{2B526FB4-9CFB-4C71-AF3D-9C02AE887E7F}.AppStore|iPhoneSimulator.ActiveCfg = Release|Any CPU
		{2B526FB4-9CFB-4C71-AF3D-9C02AE887E7F}.AppStore|iPhoneSimulator.Build.0 = Release|Any CPU
		{2B526FB4-9CFB-4C71-AF3D-9C02AE887E7F}.AppStore|iPhoneSimulator.Deploy.0 = Release|Any CPU
		{2B526FB4-9CFB-4C71-AF3D-9C02AE887E7F}.AppStore|x64.ActiveCfg = Release|x64
		{2B526FB4-9CFB-4C71-AF3D-9C02AE887E7F}.AppStore|x64.Build.0 = Release|x64
		{2B526FB4-9CFB-4C71-AF3D-9C02AE887E7F}.AppStore|x64.Deploy.0 = Release|x64
		{2B526FB4-9CFB-4C71-AF3D-9C02AE887E7F}.AppStore|x86.ActiveCfg = Release|x86
		{2B526FB4-9CFB-4C71-AF3D-9C02AE887E7F}.AppStore|x86.Build.0 = Release|x86
		{2B526FB4-9CFB-4C71-AF3D-9C02AE887E7F}.AppStore|x86.Deploy.0 = Release|x86
		{2B526FB4-9CFB-4C71-AF3D-9C02AE887E7F}.Debug|Any CPU.ActiveCfg = Debug|Any CPU
		{2B526FB4-9CFB-4C71-AF3D-9C02AE887E7F}.Debug|Any CPU.Build.0 = Debug|Any CPU
		{2B526FB4-9CFB-4C71-AF3D-9C02AE887E7F}.Debug|Any CPU.Deploy.0 = Debug|Any CPU
		{2B526FB4-9CFB-4C71-AF3D-9C02AE887E7F}.Debug|ARM.ActiveCfg = Debug|ARM
		{2B526FB4-9CFB-4C71-AF3D-9C02AE887E7F}.Debug|ARM.Build.0 = Debug|ARM
		{2B526FB4-9CFB-4C71-AF3D-9C02AE887E7F}.Debug|ARM.Deploy.0 = Debug|ARM
		{2B526FB4-9CFB-4C71-AF3D-9C02AE887E7F}.Debug|iPhone.ActiveCfg = Debug|Any CPU
		{2B526FB4-9CFB-4C71-AF3D-9C02AE887E7F}.Debug|iPhone.Build.0 = Debug|Any CPU
		{2B526FB4-9CFB-4C71-AF3D-9C02AE887E7F}.Debug|iPhone.Deploy.0 = Debug|Any CPU
		{2B526FB4-9CFB-4C71-AF3D-9C02AE887E7F}.Debug|iPhoneSimulator.ActiveCfg = Debug|Any CPU
		{2B526FB4-9CFB-4C71-AF3D-9C02AE887E7F}.Debug|iPhoneSimulator.Build.0 = Debug|Any CPU
		{2B526FB4-9CFB-4C71-AF3D-9C02AE887E7F}.Debug|iPhoneSimulator.Deploy.0 = Debug|Any CPU
		{2B526FB4-9CFB-4C71-AF3D-9C02AE887E7F}.Debug|x64.ActiveCfg = Debug|x64
		{2B526FB4-9CFB-4C71-AF3D-9C02AE887E7F}.Debug|x64.Build.0 = Debug|x64
		{2B526FB4-9CFB-4C71-AF3D-9C02AE887E7F}.Debug|x64.Deploy.0 = Debug|x64
		{2B526FB4-9CFB-4C71-AF3D-9C02AE887E7F}.Debug|x86.ActiveCfg = Debug|x86
		{2B526FB4-9CFB-4C71-AF3D-9C02AE887E7F}.Debug|x86.Build.0 = Debug|x86
		{2B526FB4-9CFB-4C71-AF3D-9C02AE887E7F}.Debug|x86.Deploy.0 = Debug|x86
		{2B526FB4-9CFB-4C71-AF3D-9C02AE887E7F}.Release|Any CPU.ActiveCfg = Release|Any CPU
		{2B526FB4-9CFB-4C71-AF3D-9C02AE887E7F}.Release|Any CPU.Build.0 = Release|Any CPU
		{2B526FB4-9CFB-4C71-AF3D-9C02AE887E7F}.Release|Any CPU.Deploy.0 = Release|Any CPU
		{2B526FB4-9CFB-4C71-AF3D-9C02AE887E7F}.Release|ARM.ActiveCfg = Release|ARM
		{2B526FB4-9CFB-4C71-AF3D-9C02AE887E7F}.Release|ARM.Build.0 = Release|ARM
		{2B526FB4-9CFB-4C71-AF3D-9C02AE887E7F}.Release|ARM.Deploy.0 = Release|ARM
		{2B526FB4-9CFB-4C71-AF3D-9C02AE887E7F}.Release|iPhone.ActiveCfg = Release|Any CPU
		{2B526FB4-9CFB-4C71-AF3D-9C02AE887E7F}.Release|iPhone.Build.0 = Release|Any CPU
		{2B526FB4-9CFB-4C71-AF3D-9C02AE887E7F}.Release|iPhone.Deploy.0 = Release|Any CPU
		{2B526FB4-9CFB-4C71-AF3D-9C02AE887E7F}.Release|iPhoneSimulator.ActiveCfg = Release|Any CPU
		{2B526FB4-9CFB-4C71-AF3D-9C02AE887E7F}.Release|iPhoneSimulator.Build.0 = Release|Any CPU
		{2B526FB4-9CFB-4C71-AF3D-9C02AE887E7F}.Release|iPhoneSimulator.Deploy.0 = Release|Any CPU
		{2B526FB4-9CFB-4C71-AF3D-9C02AE887E7F}.Release|x64.ActiveCfg = Release|x64
		{2B526FB4-9CFB-4C71-AF3D-9C02AE887E7F}.Release|x64.Build.0 = Release|x64
		{2B526FB4-9CFB-4C71-AF3D-9C02AE887E7F}.Release|x64.Deploy.0 = Release|x64
		{2B526FB4-9CFB-4C71-AF3D-9C02AE887E7F}.Release|x86.ActiveCfg = Release|x86
		{2B526FB4-9CFB-4C71-AF3D-9C02AE887E7F}.Release|x86.Build.0 = Release|x86
		{2B526FB4-9CFB-4C71-AF3D-9C02AE887E7F}.Release|x86.Deploy.0 = Release|x86
		{B428D6DB-59F1-424E-9B2C-9D1693D2F5DB}.Ad-Hoc|Any CPU.ActiveCfg = Release|Any CPU
		{B428D6DB-59F1-424E-9B2C-9D1693D2F5DB}.Ad-Hoc|Any CPU.Build.0 = Release|Any CPU
		{B428D6DB-59F1-424E-9B2C-9D1693D2F5DB}.Ad-Hoc|ARM.ActiveCfg = Release|Any CPU
		{B428D6DB-59F1-424E-9B2C-9D1693D2F5DB}.Ad-Hoc|ARM.Build.0 = Release|Any CPU
		{B428D6DB-59F1-424E-9B2C-9D1693D2F5DB}.Ad-Hoc|iPhone.ActiveCfg = Release|Any CPU
		{B428D6DB-59F1-424E-9B2C-9D1693D2F5DB}.Ad-Hoc|iPhone.Build.0 = Release|Any CPU
		{B428D6DB-59F1-424E-9B2C-9D1693D2F5DB}.Ad-Hoc|iPhoneSimulator.ActiveCfg = Release|Any CPU
		{B428D6DB-59F1-424E-9B2C-9D1693D2F5DB}.Ad-Hoc|iPhoneSimulator.Build.0 = Release|Any CPU
		{B428D6DB-59F1-424E-9B2C-9D1693D2F5DB}.Ad-Hoc|x64.ActiveCfg = Release|Any CPU
		{B428D6DB-59F1-424E-9B2C-9D1693D2F5DB}.Ad-Hoc|x64.Build.0 = Release|Any CPU
		{B428D6DB-59F1-424E-9B2C-9D1693D2F5DB}.Ad-Hoc|x86.ActiveCfg = Release|Any CPU
		{B428D6DB-59F1-424E-9B2C-9D1693D2F5DB}.Ad-Hoc|x86.Build.0 = Release|Any CPU
		{B428D6DB-59F1-424E-9B2C-9D1693D2F5DB}.AppStore|Any CPU.ActiveCfg = Release|Any CPU
		{B428D6DB-59F1-424E-9B2C-9D1693D2F5DB}.AppStore|Any CPU.Build.0 = Release|Any CPU
		{B428D6DB-59F1-424E-9B2C-9D1693D2F5DB}.AppStore|ARM.ActiveCfg = Release|Any CPU
		{B428D6DB-59F1-424E-9B2C-9D1693D2F5DB}.AppStore|ARM.Build.0 = Release|Any CPU
		{B428D6DB-59F1-424E-9B2C-9D1693D2F5DB}.AppStore|iPhone.ActiveCfg = Release|Any CPU
		{B428D6DB-59F1-424E-9B2C-9D1693D2F5DB}.AppStore|iPhone.Build.0 = Release|Any CPU
		{B428D6DB-59F1-424E-9B2C-9D1693D2F5DB}.AppStore|iPhoneSimulator.ActiveCfg = Release|Any CPU
		{B428D6DB-59F1-424E-9B2C-9D1693D2F5DB}.AppStore|iPhoneSimulator.Build.0 = Release|Any CPU
		{B428D6DB-59F1-424E-9B2C-9D1693D2F5DB}.AppStore|x64.ActiveCfg = Release|Any CPU
		{B428D6DB-59F1-424E-9B2C-9D1693D2F5DB}.AppStore|x64.Build.0 = Release|Any CPU
		{B428D6DB-59F1-424E-9B2C-9D1693D2F5DB}.AppStore|x86.ActiveCfg = Release|Any CPU
		{B428D6DB-59F1-424E-9B2C-9D1693D2F5DB}.AppStore|x86.Build.0 = Release|Any CPU
		{B428D6DB-59F1-424E-9B2C-9D1693D2F5DB}.Debug|Any CPU.ActiveCfg = Debug|Any CPU
		{B428D6DB-59F1-424E-9B2C-9D1693D2F5DB}.Debug|Any CPU.Build.0 = Debug|Any CPU
		{B428D6DB-59F1-424E-9B2C-9D1693D2F5DB}.Debug|ARM.ActiveCfg = Debug|Any CPU
		{B428D6DB-59F1-424E-9B2C-9D1693D2F5DB}.Debug|ARM.Build.0 = Debug|Any CPU
		{B428D6DB-59F1-424E-9B2C-9D1693D2F5DB}.Debug|iPhone.ActiveCfg = Debug|Any CPU
		{B428D6DB-59F1-424E-9B2C-9D1693D2F5DB}.Debug|iPhone.Build.0 = Debug|Any CPU
		{B428D6DB-59F1-424E-9B2C-9D1693D2F5DB}.Debug|iPhoneSimulator.ActiveCfg = Debug|Any CPU
		{B428D6DB-59F1-424E-9B2C-9D1693D2F5DB}.Debug|iPhoneSimulator.Build.0 = Debug|Any CPU
		{B428D6DB-59F1-424E-9B2C-9D1693D2F5DB}.Debug|x64.ActiveCfg = Debug|Any CPU
		{B428D6DB-59F1-424E-9B2C-9D1693D2F5DB}.Debug|x64.Build.0 = Debug|Any CPU
		{B428D6DB-59F1-424E-9B2C-9D1693D2F5DB}.Debug|x86.ActiveCfg = Debug|Any CPU
		{B428D6DB-59F1-424E-9B2C-9D1693D2F5DB}.Debug|x86.Build.0 = Debug|Any CPU
		{B428D6DB-59F1-424E-9B2C-9D1693D2F5DB}.Release|Any CPU.ActiveCfg = Release|Any CPU
		{B428D6DB-59F1-424E-9B2C-9D1693D2F5DB}.Release|Any CPU.Build.0 = Release|Any CPU
		{B428D6DB-59F1-424E-9B2C-9D1693D2F5DB}.Release|ARM.ActiveCfg = Release|Any CPU
		{B428D6DB-59F1-424E-9B2C-9D1693D2F5DB}.Release|ARM.Build.0 = Release|Any CPU
		{B428D6DB-59F1-424E-9B2C-9D1693D2F5DB}.Release|iPhone.ActiveCfg = Release|Any CPU
		{B428D6DB-59F1-424E-9B2C-9D1693D2F5DB}.Release|iPhone.Build.0 = Release|Any CPU
		{B428D6DB-59F1-424E-9B2C-9D1693D2F5DB}.Release|iPhoneSimulator.ActiveCfg = Release|Any CPU
		{B428D6DB-59F1-424E-9B2C-9D1693D2F5DB}.Release|iPhoneSimulator.Build.0 = Release|Any CPU
		{B428D6DB-59F1-424E-9B2C-9D1693D2F5DB}.Release|x64.ActiveCfg = Release|Any CPU
		{B428D6DB-59F1-424E-9B2C-9D1693D2F5DB}.Release|x64.Build.0 = Release|Any CPU
		{B428D6DB-59F1-424E-9B2C-9D1693D2F5DB}.Release|x86.ActiveCfg = Release|Any CPU
		{B428D6DB-59F1-424E-9B2C-9D1693D2F5DB}.Release|x86.Build.0 = Release|Any CPU
	EndGlobalSection
	GlobalSection(SolutionProperties) = preSolution
		HideSolutionNode = FALSE
	EndGlobalSection
EndGlobal
